
Microsoft Visual Studio Solution File, Format Version 12.00
# Visual Studio Version 17
VisualStudioVersion = 17.9.34728.123
MinimumVisualStudioVersion = 10.0.40219.1
Project("{FAE04EC0-301F-11D3-BF4B-00C04F79EFBC}") = "Allego Tech Test", "Allego Tech Test.csproj", "{629C1232-F381-4B5A-AE95-3B0DAB427BDC}"
EndProject
Global
	GlobalSection(SolutionConfigurationPlatforms) = preSolution
		Debug|Any CPU = Debug|Any CPU
		Release|Any CPU = Release|Any CPU
	EndGlobalSection
	GlobalSection(ProjectConfigurationPlatforms) = postSolution
		{629C1232-F381-4B5A-AE95-3B0DAB427BDC}.Debug|Any CPU.ActiveCfg = Debug|Any CPU
		{629C1232-F381-4B5A-AE95-3B0DAB427BDC}.Debug|Any CPU.Build.0 = Debug|Any CPU
		{629C1232-F381-4B5A-AE95-3B0DAB427BDC}.Release|Any CPU.ActiveCfg = Release|Any CPU
		{629C1232-F381-4B5A-AE95-3B0DAB427BDC}.Release|Any CPU.Build.0 = Release|Any CPU
	EndGlobalSection
	GlobalSection(SolutionProperties) = preSolution
		HideSolutionNode = FALSE
	EndGlobalSection
	GlobalSection(ExtensibilityGlobals) = postSolution
		SolutionGuid = {A72709EF-A2F6-4EBF-92ED-0A8A12E53660}
	EndGlobalSection
EndGlobal
